
Microsoft Visual Studio Solution File, Format Version 12.00
# Visual Studio Version 17
VisualStudioVersion = 17.3.32811.315
MinimumVisualStudioVersion = 10.0.40219.1
Project("{2150E333-8FDC-42A3-9474-1A3956D46DE8}") = "Solution Items", "Solution Items", "{E2BFAA55-3CB5-4306-BAEF-D8902CCC467E}"
	ProjectSection(SolutionItems) = preProject
		LICENSE = LICENSE
		README.md = README.md
	EndProjectSection
EndProject
Project("{2150E333-8FDC-42A3-9474-1A3956D46DE8}") = "src", "src", "{FB4B0675-FC7C-4652-A97F-39118EE6DF65}"
EndProject
Project("{2150E333-8FDC-42A3-9474-1A3956D46DE8}") = "tests", "tests", "{4F20D475-B3A6-4C3C-9A2C-1EF26ABDB05A}"
EndProject
Project("{9A19103F-16F7-4668-BE54-9A1E7A4F7556}") = "MailKitHelper", "src\MailKitHelper\MailKitHelper.csproj", "{01E8C2A6-6FBC-4BD3-91BE-D25851B3C076}"
EndProject
Global
	GlobalSection(SolutionConfigurationPlatforms) = preSolution
		Debug|Any CPU = Debug|Any CPU
		Release|Any CPU = Release|Any CPU
	EndGlobalSection
	GlobalSection(ProjectConfigurationPlatforms) = postSolution
		{01E8C2A6-6FBC-4BD3-91BE-D25851B3C076}.Debug|Any CPU.ActiveCfg = Debug|Any CPU
		{01E8C2A6-6FBC-4BD3-91BE-D25851B3C076}.Debug|Any CPU.Build.0 = Debug|Any CPU
		{01E8C2A6-6FBC-4BD3-91BE-D25851B3C076}.Release|Any CPU.ActiveCfg = Release|Any CPU
		{01E8C2A6-6FBC-4BD3-91BE-D25851B3C076}.Release|Any CPU.Build.0 = Release|Any CPU
	EndGlobalSection
	GlobalSection(SolutionProperties) = preSolution
		HideSolutionNode = FALSE
	EndGlobalSection
	GlobalSection(NestedProjects) = preSolution
		{01E8C2A6-6FBC-4BD3-91BE-D25851B3C076} = {FB4B0675-FC7C-4652-A97F-39118EE6DF65}
	EndGlobalSection
	GlobalSection(ExtensibilityGlobals) = postSolution
		SolutionGuid = {CC509A00-1176-4CFF-BF12-8E4D2CDB669C}
	EndGlobalSection
EndGlobal
